
Microsoft Visual Studio Solution File, Format Version 12.00
# Visual Studio Version 17
VisualStudioVersion = 17.13.35931.197 d17.13
MinimumVisualStudioVersion = 10.0.40219.1
Project("{FAE04EC0-301F-11D3-BF4B-00C04F79EFBC}") = "WXEnvironment.AFScreen", "WXEnvironment.AFScreen\WXEnvironment.AFScreen.csproj", "{6BB5F359-4FF3-42D6-8EAB-6B75A06473E7}"
EndProject
Global
	GlobalSection(SolutionConfigurationPlatforms) = preSolution
		Debug|Any CPU = Debug|Any CPU
		Release|Any CPU = Release|Any CPU
	EndGlobalSection
	GlobalSection(ProjectConfigurationPlatforms) = postSolution
		{6BB5F359-4FF3-42D6-8EAB-6B75A06473E7}.Debug|Any CPU.ActiveCfg = Debug|Any CPU
		{6BB5F359-4FF3-42D6-8EAB-6B75A06473E7}.Debug|Any CPU.Build.0 = Debug|Any CPU
		{6BB5F359-4FF3-42D6-8EAB-6B75A06473E7}.Release|Any CPU.ActiveCfg = Release|Any CPU
		{6BB5F359-4FF3-42D6-8EAB-6B75A06473E7}.Release|Any CPU.Build.0 = Release|Any CPU
	EndGlobalSection
	GlobalSection(SolutionProperties) = preSolution
		HideSolutionNode = FALSE
	EndGlobalSection
	GlobalSection(ExtensibilityGlobals) = postSolution
		SolutionGuid = {A5BA35C8-10FD-4CCE-BC96-B13986D4EC7C}
	EndGlobalSection
EndGlobal
